
Microsoft Visual Studio Solution File, Format Version 12.00
# Visual Studio Version 17
VisualStudioVersion = 17.0.31903.59
MinimumVisualStudioVersion = 10.0.40219.1
Project("{FAE04EC0-301F-11D3-BF4B-00C04F79EFBC}") = "LSQSolver", "LSQSolver\LSQSolver.csproj", "{19066670-4C35-48A2-B9DA-2DA0FF30E453}"
EndProject
Project("{FAE04EC0-301F-11D3-BF4B-00C04F79EFBC}") = "TestCases", "TestCases\TestCases.csproj", "{DE41F7A6-57FA-4147-B423-6B1CBA49809D}"
EndProject
Project("{FAE04EC0-301F-11D3-BF4B-00C04F79EFBC}") = "BenchTestRunner", "BenchTestRunner\BenchTestRunner.csproj", "{48064C5D-F9E9-488F-88D5-F6699568188A}"
EndProject
Global
	GlobalSection(SolutionConfigurationPlatforms) = preSolution
		Debug|Any CPU = Debug|Any CPU
		Release|Any CPU = Release|Any CPU
	EndGlobalSection
	GlobalSection(ProjectConfigurationPlatforms) = postSolution
		{19066670-4C35-48A2-B9DA-2DA0FF30E453}.Debug|Any CPU.ActiveCfg = Debug|Any CPU
		{19066670-4C35-48A2-B9DA-2DA0FF30E453}.Debug|Any CPU.Build.0 = Debug|Any CPU
		{19066670-4C35-48A2-B9DA-2DA0FF30E453}.Release|Any CPU.ActiveCfg = Release|Any CPU
		{19066670-4C35-48A2-B9DA-2DA0FF30E453}.Release|Any CPU.Build.0 = Release|Any CPU
		{DE41F7A6-57FA-4147-B423-6B1CBA49809D}.Debug|Any CPU.ActiveCfg = Debug|Any CPU
		{DE41F7A6-57FA-4147-B423-6B1CBA49809D}.Debug|Any CPU.Build.0 = Debug|Any CPU
		{DE41F7A6-57FA-4147-B423-6B1CBA49809D}.Release|Any CPU.ActiveCfg = Release|Any CPU
		{DE41F7A6-57FA-4147-B423-6B1CBA49809D}.Release|Any CPU.Build.0 = Release|Any CPU
		{48064C5D-F9E9-488F-88D5-F6699568188A}.Debug|Any CPU.ActiveCfg = Debug|Any CPU
		{48064C5D-F9E9-488F-88D5-F6699568188A}.Debug|Any CPU.Build.0 = Debug|Any CPU
		{48064C5D-F9E9-488F-88D5-F6699568188A}.Release|Any CPU.ActiveCfg = Release|Any CPU
		{48064C5D-F9E9-488F-88D5-F6699568188A}.Release|Any CPU.Build.0 = Release|Any CPU
	EndGlobalSection
	GlobalSection(SolutionProperties) = preSolution
		HideSolutionNode = FALSE
	EndGlobalSection
EndGlobal
