
Microsoft Visual Studio Solution File, Format Version 12.00
# Visual Studio Version 18
VisualStudioVersion = 18.7.11919.86
MinimumVisualStudioVersion = 10.0.40219.1
Project("{FAE04EC0-301F-11D3-BF4B-00C04F79EFBC}") = "TestCases", "TestCases\\TestCases.csproj", "{E111D1BC-068E-8A92-E846-91AD44234FA0}"
EndProject
Project("{FAE04EC0-301F-11D3-BF4B-00C04F79EFBC}") = "LSQSolver", "LSQSolver\LSQSolver.csproj", "{555564AA-E73D-3B37-090E-06C6E808B9C0}"
EndProject
Global
	GlobalSection(SolutionConfigurationPlatforms) = preSolution
		Debug|Any CPU = Debug|Any CPU
		Release|Any CPU = Release|Any CPU
	EndGlobalSection
	GlobalSection(ProjectConfigurationPlatforms) = postSolution
		{E111D1BC-068E-8A92-E846-91AD44234FA0}.Debug|Any CPU.ActiveCfg = Debug|Any CPU
		{E111D1BC-068E-8A92-E846-91AD44234FA0}.Debug|Any CPU.Build.0 = Debug|Any CPU
		{E111D1BC-068E-8A92-E846-91AD44234FA0}.Release|Any CPU.ActiveCfg = Release|Any CPU
		{E111D1BC-068E-8A92-E846-91AD44234FA0}.Release|Any CPU.Build.0 = Release|Any CPU
		{555564AA-E73D-3B37-090E-06C6E808B9C0}.Debug|Any CPU.ActiveCfg = Debug|Any CPU
		{555564AA-E73D-3B37-090E-06C6E808B9C0}.Debug|Any CPU.Build.0 = Debug|Any CPU
		{555564AA-E73D-3B37-090E-06C6E808B9C0}.Release|Any CPU.ActiveCfg = Release|Any CPU
		{555564AA-E73D-3B37-090E-06C6E808B9C0}.Release|Any CPU.Build.0 = Release|Any CPU
	EndGlobalSection
	GlobalSection(SolutionProperties) = preSolution
		HideSolutionNode = FALSE
	EndGlobalSection
	GlobalSection(ExtensibilityGlobals) = postSolution
		SolutionGuid = {1DF01D75-1F1B-4DF6-8FD3-5142893F2CBD}
	EndGlobalSection
EndGlobal
